# This file is automatically @generated by Poetry 1.4.2 and should not be changed by hand.

[[package]]
name = "pyxel"
version = "1.9.14"
description = "A retro game engine for Python"
category = "main"
optional = false
python-versions = ">=3.7"
files = [
    {file = "pyxel-1.9.14-cp37-abi3-macosx_10_7_x86_64.whl", hash = "sha256:2284368b1960fdacedfe6930be0d53f9159453dde23902047beb96f4856b7886"},
    {file = "pyxel-1.9.14-cp37-abi3-macosx_11_0_arm64.whl", hash = "sha256:14e57bc068625333f02386b45f0be04ac9a1678cb665bb4901231791eb7f901f"},
    {file = "pyxel-1.9.14-cp37-abi3-manylinux_2_17_aarch64.manylinux2014_aarch64.whl", hash = "sha256:ce350019fd3a55f5bfe52da259c52cc326589e811bb652b179f433373257a7f8"},
    {file = "pyxel-1.9.14-cp37-abi3-manylinux_2_17_i686.manylinux2014_i686.whl", hash = "sha256:0d1409eaee1a5a8572affb416869cd2c8fc7232f6d6e9bdc53f6547224089690"},
    {file = "pyxel-1.9.14-cp37-abi3-manylinux_2_17_x86_64.manylinux2014_x86_64.whl", hash = "sha256:2538b049732e76edc493fbcfa0932e771b1fd7a9b651b1b1c953e64c2669effc"},
    {file = "pyxel-1.9.14-cp37-abi3-win32.whl", hash = "sha256:b48b8ae9a48932531cade9be91b4a3d1ba845143050786ffe7de373986c9e735"},
    {file = "pyxel-1.9.14-cp37-abi3-win_amd64.whl", hash = "sha256:6378961f7269232248abfb2ecfe2a61ecdf3372c4bf18995e2f19e2b476aa5a6"},
]

[metadata]
lock-version = "2.0"
python-versions = "^3.10"
content-hash = "c819b9fd5cf11a9b28967c69f29b89d85e98fd652f099c6ed0f880b629621b4d"
